
Microsoft Visual Studio Solution File, Format Version 12.00
# Visual Studio Version 17
VisualStudioVersion = 17.10.35122.118
MinimumVisualStudioVersion = 10.0.40219.1
Project("{9A19103F-16F7-4668-BE54-9A1E7A4F7556}") = "NX1GAMER", "NX1GAMER.csproj", "{7FB69003-5E66-4CF0-A088-9C4D05611008}"
EndProject
Project("{2150E333-8FDC-42A3-9474-1A3956D46DE8}") = "cs", "cs", "{1C282B33-88E3-4923-A5BF-26E36E185DF8}"
EndProject
Project("{FAE04EC0-301F-11D3-BF4B-00C04F79EFBC}") = "RedFox.Zenith", "..\ext\RedFox\src\cs\RedFox.Zenith\RedFox.Zenith.csproj", "{D3F6272E-4C79-4185-BDFA-E65D7182378E}"
EndProject
Project("{FAE04EC0-301F-11D3-BF4B-00C04F79EFBC}") = "RedFox.UI", "..\ext\RedFox\src\cs\RedFox.UI\RedFox.UI.csproj", "{3DD16BFB-8FB2-4533-9EF4-9BA8B29424D1}"
EndProject
Project("{FAE04EC0-301F-11D3-BF4B-00C04F79EFBC}") = "RedFox.IO.ProcessInterop", "..\ext\RedFox\src\cs\RedFox.IO.ProcessInterop\RedFox.IO.ProcessInterop.csproj", "{54A677C2-4492-47BE-843A-298F28E79F0B}"
EndProject
Project("{FAE04EC0-301F-11D3-BF4B-00C04F79EFBC}") = "RedFox.IO", "..\ext\RedFox\src\cs\RedFox.IO\RedFox.IO.csproj", "{3F29A3F5-D87F-4B6F-A995-67B72E5D8537}"
EndProject
Project("{FAE04EC0-301F-11D3-BF4B-00C04F79EFBC}") = "RedFox.Graphics3D.Translation", "..\ext\RedFox\src\cs\RedFox.Graphics3D.Translation\RedFox.Graphics3D.Translation.csproj", "{402FB871-54E1-4E00-89A4-C4BE1D24085F}"
EndProject
Project("{FAE04EC0-301F-11D3-BF4B-00C04F79EFBC}") = "RedFox.Graphics3D.SEModel", "..\ext\RedFox\src\cs\RedFox.Graphics3D.SEModel\RedFox.Graphics3D.SEModel.csproj", "{E206ECCC-512C-464C-B2EC-B4BECB74EDF3}"
EndProject
Project("{FAE04EC0-301F-11D3-BF4B-00C04F79EFBC}") = "RedFox.Graphics3D.SEAnim", "..\ext\RedFox\src\cs\RedFox.Graphics3D.SEAnim\RedFox.Graphics3D.SEAnim.csproj", "{EA3EF707-0BF7-4BBE-B33B-5556FA3EFBD3}"
EndProject
Project("{FAE04EC0-301F-11D3-BF4B-00C04F79EFBC}") = "RedFox.Graphics3D.AnimationPlayback", "..\ext\RedFox\src\cs\RedFox.Graphics3D.AnimationPlayback\RedFox.Graphics3D.AnimationPlayback.csproj", "{C3C0189C-3FF9-48FD-8095-663DBA75E58D}"
EndProject
Project("{FAE04EC0-301F-11D3-BF4B-00C04F79EFBC}") = "RedFox.Graphics3D", "..\ext\RedFox\src\cs\RedFox.Graphics3D\RedFox.Graphics3D.csproj", "{15629751-625D-4BA6-A942-587297547ACA}"
EndProject
Project("{FAE04EC0-301F-11D3-BF4B-00C04F79EFBC}") = "RedFox.Cryptography.MurMur3", "..\ext\RedFox\src\cs\RedFox.Cryptography.MurMur3\RedFox.Cryptography.MurMur3\RedFox.Cryptography.MurMur3.csproj", "{C775A2F2-855A-43CF-9752-EAF6DF5345C6}"
EndProject
Project("{FAE04EC0-301F-11D3-BF4B-00C04F79EFBC}") = "RedFox.Compression.ZStandard", "..\ext\RedFox\src\cs\RedFox.Compression.ZStandard\RedFox.Compression.ZStandard.csproj", "{AE50DF5F-3CB7-4B89-99E6-6D9419AFB26F}"
EndProject
Project("{FAE04EC0-301F-11D3-BF4B-00C04F79EFBC}") = "RedFox.Compression.ZLIB", "..\ext\RedFox\src\cs\RedFox.Compression.ZLIB\ClassLibrary1\RedFox.Compression.ZLIB.csproj", "{3C1C94A2-1520-4E7C-9507-7888AF62D111}"
EndProject
Project("{FAE04EC0-301F-11D3-BF4B-00C04F79EFBC}") = "RedFox.Compression.Oodle", "..\ext\RedFox\src\cs\RedFox.Compression.Oodle\RedFox.Compression.Oodle.csproj", "{46D95634-F767-4484-A3FE-051BCEAA33F0}"
EndProject
Project("{FAE04EC0-301F-11D3-BF4B-00C04F79EFBC}") = "RedFox.Compression", "..\ext\RedFox\src\cs\RedFox.Compression\RedFox.Compression.csproj", "{27D51CF8-B46D-436E-B551-B67E47D2F51B}"
EndProject
Project("{FAE04EC0-301F-11D3-BF4B-00C04F79EFBC}") = "RedFox", "..\ext\RedFox\src\cs\RedFox\RedFox.csproj", "{F43EFDE6-39AA-4C31-A9E1-2EECF80242DB}"
EndProject
Global
	GlobalSection(SolutionConfigurationPlatforms) = preSolution
		Debug|Any CPU = Debug|Any CPU
		Debug|x86 = Debug|x86
		Release|Any CPU = Release|Any CPU
		Release|x86 = Release|x86
	EndGlobalSection
	GlobalSection(ProjectConfigurationPlatforms) = postSolution
		{7FB69003-5E66-4CF0-A088-9C4D05611008}.Debug|Any CPU.ActiveCfg = Debug|Any CPU
		{7FB69003-5E66-4CF0-A088-9C4D05611008}.Debug|Any CPU.Build.0 = Debug|Any CPU
		{7FB69003-5E66-4CF0-A088-9C4D05611008}.Debug|x86.ActiveCfg = Debug|x86
		{7FB69003-5E66-4CF0-A088-9C4D05611008}.Debug|x86.Build.0 = Debug|x86
		{7FB69003-5E66-4CF0-A088-9C4D05611008}.Release|Any CPU.ActiveCfg = Release|Any CPU
		{7FB69003-5E66-4CF0-A088-9C4D05611008}.Release|Any CPU.Build.0 = Release|Any CPU
		{7FB69003-5E66-4CF0-A088-9C4D05611008}.Release|x86.ActiveCfg = Release|x86
		{7FB69003-5E66-4CF0-A088-9C4D05611008}.Release|x86.Build.0 = Release|x86
		{D3F6272E-4C79-4185-BDFA-E65D7182378E}.Debug|Any CPU.ActiveCfg = Debug|Any CPU
		{D3F6272E-4C79-4185-BDFA-E65D7182378E}.Debug|Any CPU.Build.0 = Debug|Any CPU
		{D3F6272E-4C79-4185-BDFA-E65D7182378E}.Debug|x86.ActiveCfg = Debug|x86
		{D3F6272E-4C79-4185-BDFA-E65D7182378E}.Debug|x86.Build.0 = Debug|x86
		{D3F6272E-4C79-4185-BDFA-E65D7182378E}.Release|Any CPU.ActiveCfg = Release|Any CPU
		{D3F6272E-4C79-4185-BDFA-E65D7182378E}.Release|Any CPU.Build.0 = Release|Any CPU
		{D3F6272E-4C79-4185-BDFA-E65D7182378E}.Release|x86.ActiveCfg = Release|x86
		{D3F6272E-4C79-4185-BDFA-E65D7182378E}.Release|x86.Build.0 = Release|x86
		{3DD16BFB-8FB2-4533-9EF4-9BA8B29424D1}.Debug|Any CPU.ActiveCfg = Debug|Any CPU
		{3DD16BFB-8FB2-4533-9EF4-9BA8B29424D1}.Debug|Any CPU.Build.0 = Debug|Any CPU
		{3DD16BFB-8FB2-4533-9EF4-9BA8B29424D1}.Debug|x86.ActiveCfg = Debug|Any CPU
		{3DD16BFB-8FB2-4533-9EF4-9BA8B29424D1}.Debug|x86.Build.0 = Debug|Any CPU
		{3DD16BFB-8FB2-4533-9EF4-9BA8B29424D1}.Release|Any CPU.ActiveCfg = Release|Any CPU
		{3DD16BFB-8FB2-4533-9EF4-9BA8B29424D1}.Release|Any CPU.Build.0 = Release|Any CPU
		{3DD16BFB-8FB2-4533-9EF4-9BA8B29424D1}.Release|x86.ActiveCfg = Release|Any CPU
		{3DD16BFB-8FB2-4533-9EF4-9BA8B29424D1}.Release|x86.Build.0 = Release|Any CPU
		{54A677C2-4492-47BE-843A-298F28E79F0B}.Debug|Any CPU.ActiveCfg = Debug|Any CPU
		{54A677C2-4492-47BE-843A-298F28E79F0B}.Debug|Any CPU.Build.0 = Debug|Any CPU
		{54A677C2-4492-47BE-843A-298F28E79F0B}.Debug|x86.ActiveCfg = Debug|Any CPU
		{54A677C2-4492-47BE-843A-298F28E79F0B}.Debug|x86.Build.0 = Debug|Any CPU
		{54A677C2-4492-47BE-843A-298F28E79F0B}.Release|Any CPU.ActiveCfg = Release|Any CPU
		{54A677C2-4492-47BE-843A-298F28E79F0B}.Release|Any CPU.Build.0 = Release|Any CPU
		{54A677C2-4492-47BE-843A-298F28E79F0B}.Release|x86.ActiveCfg = Release|Any CPU
		{54A677C2-4492-47BE-843A-298F28E79F0B}.Release|x86.Build.0 = Release|Any CPU
		{3F29A3F5-D87F-4B6F-A995-67B72E5D8537}.Debug|Any CPU.ActiveCfg = Debug|Any CPU
		{3F29A3F5-D87F-4B6F-A995-67B72E5D8537}.Debug|Any CPU.Build.0 = Debug|Any CPU
		{3F29A3F5-D87F-4B6F-A995-67B72E5D8537}.Debug|x86.ActiveCfg = Debug|x86
		{3F29A3F5-D87F-4B6F-A995-67B72E5D8537}.Debug|x86.Build.0 = Debug|x86
		{3F29A3F5-D87F-4B6F-A995-67B72E5D8537}.Release|Any CPU.ActiveCfg = Release|Any CPU
		{3F29A3F5-D87F-4B6F-A995-67B72E5D8537}.Release|Any CPU.Build.0 = Release|Any CPU
		{3F29A3F5-D87F-4B6F-A995-67B72E5D8537}.Release|x86.ActiveCfg = Release|x86
		{3F29A3F5-D87F-4B6F-A995-67B72E5D8537}.Release|x86.Build.0 = Release|x86
		{402FB871-54E1-4E00-89A4-C4BE1D24085F}.Debug|Any CPU.ActiveCfg = Debug|Any CPU
		{402FB871-54E1-4E00-89A4-C4BE1D24085F}.Debug|Any CPU.Build.0 = Debug|Any CPU
		{402FB871-54E1-4E00-89A4-C4BE1D24085F}.Debug|x86.ActiveCfg = Debug|x86
		{402FB871-54E1-4E00-89A4-C4BE1D24085F}.Debug|x86.Build.0 = Debug|x86
		{402FB871-54E1-4E00-89A4-C4BE1D24085F}.Release|Any CPU.ActiveCfg = Release|Any CPU
		{402FB871-54E1-4E00-89A4-C4BE1D24085F}.Release|Any CPU.Build.0 = Release|Any CPU
		{402FB871-54E1-4E00-89A4-C4BE1D24085F}.Release|x86.ActiveCfg = Release|x86
		{402FB871-54E1-4E00-89A4-C4BE1D24085F}.Release|x86.Build.0 = Release|x86
		{E206ECCC-512C-464C-B2EC-B4BECB74EDF3}.Debug|Any CPU.ActiveCfg = Debug|Any CPU
		{E206ECCC-512C-464C-B2EC-B4BECB74EDF3}.Debug|Any CPU.Build.0 = Debug|Any CPU
		{E206ECCC-512C-464C-B2EC-B4BECB74EDF3}.Debug|x86.ActiveCfg = Debug|x86
		{E206ECCC-512C-464C-B2EC-B4BECB74EDF3}.Debug|x86.Build.0 = Debug|x86
		{E206ECCC-512C-464C-B2EC-B4BECB74EDF3}.Release|Any CPU.ActiveCfg = Release|Any CPU
		{E206ECCC-512C-464C-B2EC-B4BECB74EDF3}.Release|Any CPU.Build.0 = Release|Any CPU
		{E206ECCC-512C-464C-B2EC-B4BECB74EDF3}.Release|x86.ActiveCfg = Release|x86
		{E206ECCC-512C-464C-B2EC-B4BECB74EDF3}.Release|x86.Build.0 = Release|x86
		{EA3EF707-0BF7-4BBE-B33B-5556FA3EFBD3}.Debug|Any CPU.ActiveCfg = Debug|Any CPU
		{EA3EF707-0BF7-4BBE-B33B-5556FA3EFBD3}.Debug|Any CPU.Build.0 = Debug|Any CPU
		{EA3EF707-0BF7-4BBE-B33B-5556FA3EFBD3}.Debug|x86.ActiveCfg = Debug|x86
		{EA3EF707-0BF7-4BBE-B33B-5556FA3EFBD3}.Debug|x86.Build.0 = Debug|x86
		{EA3EF707-0BF7-4BBE-B33B-5556FA3EFBD3}.Release|Any CPU.ActiveCfg = Release|Any CPU
		{EA3EF707-0BF7-4BBE-B33B-5556FA3EFBD3}.Release|Any CPU.Build.0 = Release|Any CPU
		{EA3EF707-0BF7-4BBE-B33B-5556FA3EFBD3}.Release|x86.ActiveCfg = Release|x86
		{EA3EF707-0BF7-4BBE-B33B-5556FA3EFBD3}.Release|x86.Build.0 = Release|x86
		{C3C0189C-3FF9-48FD-8095-663DBA75E58D}.Debug|Any CPU.ActiveCfg = Debug|Any CPU
		{C3C0189C-3FF9-48FD-8095-663DBA75E58D}.Debug|Any CPU.Build.0 = Debug|Any CPU
		{C3C0189C-3FF9-48FD-8095-663DBA75E58D}.Debug|x86.ActiveCfg = Debug|x86
		{C3C0189C-3FF9-48FD-8095-663DBA75E58D}.Debug|x86.Build.0 = Debug|x86
		{C3C0189C-3FF9-48FD-8095-663DBA75E58D}.Release|Any CPU.ActiveCfg = Release|Any CPU
		{C3C0189C-3FF9-48FD-8095-663DBA75E58D}.Release|Any CPU.Build.0 = Release|Any CPU
		{C3C0189C-3FF9-48FD-8095-663DBA75E58D}.Release|x86.ActiveCfg = Release|x86
		{C3C0189C-3FF9-48FD-8095-663DBA75E58D}.Release|x86.Build.0 = Release|x86
		{15629751-625D-4BA6-A942-587297547ACA}.Debug|Any CPU.ActiveCfg = Debug|Any CPU
		{15629751-625D-4BA6-A942-587297547ACA}.Debug|Any CPU.Build.0 = Debug|Any CPU
		{15629751-625D-4BA6-A942-587297547ACA}.Debug|x86.ActiveCfg = Debug|x86
		{15629751-625D-4BA6-A942-587297547ACA}.Debug|x86.Build.0 = Debug|x86
		{15629751-625D-4BA6-A942-587297547ACA}.Release|Any CPU.ActiveCfg = Release|Any CPU
		{15629751-625D-4BA6-A942-587297547ACA}.Release|Any CPU.Build.0 = Release|Any CPU
		{15629751-625D-4BA6-A942-587297547ACA}.Release|x86.ActiveCfg = Release|x86
		{15629751-625D-4BA6-A942-587297547ACA}.Release|x86.Build.0 = Release|x86
		{C775A2F2-855A-43CF-9752-EAF6DF5345C6}.Debug|Any CPU.ActiveCfg = Debug|Any CPU
		{C775A2F2-855A-43CF-9752-EAF6DF5345C6}.Debug|Any CPU.Build.0 = Debug|Any CPU
		{C775A2F2-855A-43CF-9752-EAF6DF5345C6}.Debug|x86.ActiveCfg = Debug|Any CPU
		{C775A2F2-855A-43CF-9752-EAF6DF5345C6}.Debug|x86.Build.0 = Debug|Any CPU
		{C775A2F2-855A-43CF-9752-EAF6DF5345C6}.Release|Any CPU.ActiveCfg = Release|Any CPU
		{C775A2F2-855A-43CF-9752-EAF6DF5345C6}.Release|Any CPU.Build.0 = Release|Any CPU
		{C775A2F2-855A-43CF-9752-EAF6DF5345C6}.Release|x86.ActiveCfg = Release|Any CPU
		{C775A2F2-855A-43CF-9752-EAF6DF5345C6}.Release|x86.Build.0 = Release|Any CPU
		{AE50DF5F-3CB7-4B89-99E6-6D9419AFB26F}.Debug|Any CPU.ActiveCfg = Debug|Any CPU
		{AE50DF5F-3CB7-4B89-99E6-6D9419AFB26F}.Debug|Any CPU.Build.0 = Debug|Any CPU
		{AE50DF5F-3CB7-4B89-99E6-6D9419AFB26F}.Debug|x86.ActiveCfg = Debug|Any CPU
		{AE50DF5F-3CB7-4B89-99E6-6D9419AFB26F}.Debug|x86.Build.0 = Debug|Any CPU
		{AE50DF5F-3CB7-4B89-99E6-6D9419AFB26F}.Release|Any CPU.ActiveCfg = Release|Any CPU
		{AE50DF5F-3CB7-4B89-99E6-6D9419AFB26F}.Release|Any CPU.Build.0 = Release|Any CPU
		{AE50DF5F-3CB7-4B89-99E6-6D9419AFB26F}.Release|x86.ActiveCfg = Release|Any CPU
		{AE50DF5F-3CB7-4B89-99E6-6D9419AFB26F}.Release|x86.Build.0 = Release|Any CPU
		{3C1C94A2-1520-4E7C-9507-7888AF62D111}.Debug|Any CPU.ActiveCfg = Debug|Any CPU
		{3C1C94A2-1520-4E7C-9507-7888AF62D111}.Debug|Any CPU.Build.0 = Debug|Any CPU
		{3C1C94A2-1520-4E7C-9507-7888AF62D111}.Debug|x86.ActiveCfg = Debug|Any CPU
		{3C1C94A2-1520-4E7C-9507-7888AF62D111}.Debug|x86.Build.0 = Debug|Any CPU
		{3C1C94A2-1520-4E7C-9507-7888AF62D111}.Release|Any CPU.ActiveCfg = Release|Any CPU
		{3C1C94A2-1520-4E7C-9507-7888AF62D111}.Release|Any CPU.Build.0 = Release|Any CPU
		{3C1C94A2-1520-4E7C-9507-7888AF62D111}.Release|x86.ActiveCfg = Release|Any CPU
		{3C1C94A2-1520-4E7C-9507-7888AF62D111}.Release|x86.Build.0 = Release|Any CPU
		{46D95634-F767-4484-A3FE-051BCEAA33F0}.Debug|Any CPU.ActiveCfg = Debug|Any CPU
		{46D95634-F767-4484-A3FE-051BCEAA33F0}.Debug|Any CPU.Build.0 = Debug|Any CPU
		{46D95634-F767-4484-A3FE-051BCEAA33F0}.Debug|x86.ActiveCfg = Debug|Any CPU
		{46D95634-F767-4484-A3FE-051BCEAA33F0}.Debug|x86.Build.0 = Debug|Any CPU
		{46D95634-F767-4484-A3FE-051BCEAA33F0}.Release|Any CPU.ActiveCfg = Release|Any CPU
		{46D95634-F767-4484-A3FE-051BCEAA33F0}.Release|Any CPU.Build.0 = Release|Any CPU
		{46D95634-F767-4484-A3FE-051BCEAA33F0}.Release|x86.ActiveCfg = Release|Any CPU
		{46D95634-F767-4484-A3FE-051BCEAA33F0}.Release|x86.Build.0 = Release|Any CPU
		{27D51CF8-B46D-436E-B551-B67E47D2F51B}.Debug|Any CPU.ActiveCfg = Debug|Any CPU
		{27D51CF8-B46D-436E-B551-B67E47D2F51B}.Debug|Any CPU.Build.0 = Debug|Any CPU
		{27D51CF8-B46D-436E-B551-B67E47D2F51B}.Debug|x86.ActiveCfg = Debug|Any CPU
		{27D51CF8-B46D-436E-B551-B67E47D2F51B}.Debug|x86.Build.0 = Debug|Any CPU
		{27D51CF8-B46D-436E-B551-B67E47D2F51B}.Release|Any CPU.ActiveCfg = Release|Any CPU
		{27D51CF8-B46D-436E-B551-B67E47D2F51B}.Release|Any CPU.Build.0 = Release|Any CPU
		{27D51CF8-B46D-436E-B551-B67E47D2F51B}.Release|x86.ActiveCfg = Release|Any CPU
		{27D51CF8-B46D-436E-B551-B67E47D2F51B}.Release|x86.Build.0 = Release|Any CPU
		{F43EFDE6-39AA-4C31-A9E1-2EECF80242DB}.Debug|Any CPU.ActiveCfg = Debug|Any CPU
		{F43EFDE6-39AA-4C31-A9E1-2EECF80242DB}.Debug|Any CPU.Build.0 = Debug|Any CPU
		{F43EFDE6-39AA-4C31-A9E1-2EECF80242DB}.Debug|x86.ActiveCfg = Debug|x86
		{F43EFDE6-39AA-4C31-A9E1-2EECF80242DB}.Debug|x86.Build.0 = Debug|x86
		{F43EFDE6-39AA-4C31-A9E1-2EECF80242DB}.Release|Any CPU.ActiveCfg = Release|Any CPU
		{F43EFDE6-39AA-4C31-A9E1-2EECF80242DB}.Release|Any CPU.Build.0 = Release|Any CPU
		{F43EFDE6-39AA-4C31-A9E1-2EECF80242DB}.Release|x86.ActiveCfg = Release|x86
		{F43EFDE6-39AA-4C31-A9E1-2EECF80242DB}.Release|x86.Build.0 = Release|x86
	EndGlobalSection
	GlobalSection(SolutionProperties) = preSolution
		HideSolutionNode = FALSE
	EndGlobalSection
	GlobalSection(NestedProjects) = preSolution
		{D3F6272E-4C79-4185-BDFA-E65D7182378E} = {1C282B33-88E3-4923-A5BF-26E36E185DF8}
		{3DD16BFB-8FB2-4533-9EF4-9BA8B29424D1} = {1C282B33-88E3-4923-A5BF-26E36E185DF8}
		{54A677C2-4492-47BE-843A-298F28E79F0B} = {1C282B33-88E3-4923-A5BF-26E36E185DF8}
		{3F29A3F5-D87F-4B6F-A995-67B72E5D8537} = {1C282B33-88E3-4923-A5BF-26E36E185DF8}
		{402FB871-54E1-4E00-89A4-C4BE1D24085F} = {1C282B33-88E3-4923-A5BF-26E36E185DF8}
		{E206ECCC-512C-464C-B2EC-B4BECB74EDF3} = {1C282B33-88E3-4923-A5BF-26E36E185DF8}
		{EA3EF707-0BF7-4BBE-B33B-5556FA3EFBD3} = {1C282B33-88E3-4923-A5BF-26E36E185DF8}
		{C3C0189C-3FF9-48FD-8095-663DBA75E58D} = {1C282B33-88E3-4923-A5BF-26E36E185DF8}
		{15629751-625D-4BA6-A942-587297547ACA} = {1C282B33-88E3-4923-A5BF-26E36E185DF8}
		{C775A2F2-855A-43CF-9752-EAF6DF5345C6} = {1C282B33-88E3-4923-A5BF-26E36E185DF8}
		{AE50DF5F-3CB7-4B89-99E6-6D9419AFB26F} = {1C282B33-88E3-4923-A5BF-26E36E185DF8}
		{3C1C94A2-1520-4E7C-9507-7888AF62D111} = {1C282B33-88E3-4923-A5BF-26E36E185DF8}
		{46D95634-F767-4484-A3FE-051BCEAA33F0} = {1C282B33-88E3-4923-A5BF-26E36E185DF8}
		{27D51CF8-B46D-436E-B551-B67E47D2F51B} = {1C282B33-88E3-4923-A5BF-26E36E185DF8}
		{F43EFDE6-39AA-4C31-A9E1-2EECF80242DB} = {1C282B33-88E3-4923-A5BF-26E36E185DF8}
	EndGlobalSection
	GlobalSection(ExtensibilityGlobals) = postSolution
		SolutionGuid = {C541BD8C-6C61-4E66-9E46-D02CDF93B2F2}
	EndGlobalSection
EndGlobal
